
Microsoft Visual Studio Solution File, Format Version 12.00
# Visual Studio Version 17
VisualStudioVersion = 17.4.33403.182
MinimumVisualStudioVersion = 10.0.40219.1
Project("{FAE04EC0-301F-11D3-BF4B-00C04F79EFBC}") = "ExcelTest", "ExcelTest\ExcelTest.csproj", "{653847FC-C8B3-4DCD-BF18-BA09FB3B5656}"
EndProject
Global
	GlobalSection(SolutionConfigurationPlatforms) = preSolution
		Debug|Any CPU = Debug|Any CPU
		Release|Any CPU = Release|Any CPU
	EndGlobalSection
	GlobalSection(ProjectConfigurationPlatforms) = postSolution
		{653847FC-C8B3-4DCD-BF18-BA09FB3B5656}.Debug|Any CPU.ActiveCfg = Debug|Any CPU
		{653847FC-C8B3-4DCD-BF18-BA09FB3B5656}.Debug|Any CPU.Build.0 = Debug|Any CPU
		{653847FC-C8B3-4DCD-BF18-BA09FB3B5656}.Release|Any CPU.ActiveCfg = Release|Any CPU
		{653847FC-C8B3-4DCD-BF18-BA09FB3B5656}.Release|Any CPU.Build.0 = Release|Any CPU
	EndGlobalSection
	GlobalSection(SolutionProperties) = preSolution
		HideSolutionNode = FALSE
	EndGlobalSection
	GlobalSection(ExtensibilityGlobals) = postSolution
		SolutionGuid = {CE081BF4-4028-4D84-A5E8-0EF5341DFC95}
	EndGlobalSection
EndGlobal
